
Microsoft Visual Studio Solution File, Format Version 12.00
# Visual Studio Version 16
VisualStudioVersion = 16.0.30204.135
MinimumVisualStudioVersion = 10.0.40219.1
Project("{FAE04EC0-301F-11D3-BF4B-00C04F79EFBC}") = "Lab01a-ExceptionHandling", "Lab01a-ExceptionHandling\Lab01a-ExceptionHandling.csproj", "{70B60177-49E7-42DB-B334-559D18679ED3}"
EndProject
Global
	GlobalSection(SolutionConfigurationPlatforms) = preSolution
		Debug|Any CPU = Debug|Any CPU
		Release|Any CPU = Release|Any CPU
	EndGlobalSection
	GlobalSection(ProjectConfigurationPlatforms) = postSolution
		{70B60177-49E7-42DB-B334-559D18679ED3}.Debug|Any CPU.ActiveCfg = Debug|Any CPU
		{70B60177-49E7-42DB-B334-559D18679ED3}.Debug|Any CPU.Build.0 = Debug|Any CPU
		{70B60177-49E7-42DB-B334-559D18679ED3}.Release|Any CPU.ActiveCfg = Release|Any CPU
		{70B60177-49E7-42DB-B334-559D18679ED3}.Release|Any CPU.Build.0 = Release|Any CPU
	EndGlobalSection
	GlobalSection(SolutionProperties) = preSolution
		HideSolutionNode = FALSE
	EndGlobalSection
	GlobalSection(ExtensibilityGlobals) = postSolution
		SolutionGuid = {F513CA2D-9773-45B7-B3EE-1C68DFA029BD}
	EndGlobalSection
EndGlobal
